
Microsoft Visual Studio Solution File, Format Version 12.00
# Visual Studio Version 16
VisualStudioVersion = 16.0.30717.126
MinimumVisualStudioVersion = 10.0.40219.1
Project("{9A19103F-16F7-4668-BE54-9A1E7A4F7556}") = "lab4", "lab4\lab4.csproj", "{9221E192-3BA1-4DF3-A0AA-BB62885260BF}"
EndProject
Project("{FAE04EC0-301F-11D3-BF4B-00C04F79EFBC}") = "IIG.BinaryFlag", "IIG.BinaryFlag\IIG.BinaryFlag\IIG.BinaryFlag.csproj", "{31F66863-26A4-4626-9566-BFFFEA52C1A7}"
EndProject
Global
	GlobalSection(SolutionConfigurationPlatforms) = preSolution
		Debug|Any CPU = Debug|Any CPU
		Release|Any CPU = Release|Any CPU
	EndGlobalSection
	GlobalSection(ProjectConfigurationPlatforms) = postSolution
		{9221E192-3BA1-4DF3-A0AA-BB62885260BF}.Debug|Any CPU.ActiveCfg = Debug|Any CPU
		{9221E192-3BA1-4DF3-A0AA-BB62885260BF}.Debug|Any CPU.Build.0 = Debug|Any CPU
		{9221E192-3BA1-4DF3-A0AA-BB62885260BF}.Release|Any CPU.ActiveCfg = Release|Any CPU
		{9221E192-3BA1-4DF3-A0AA-BB62885260BF}.Release|Any CPU.Build.0 = Release|Any CPU
		{31F66863-26A4-4626-9566-BFFFEA52C1A7}.Debug|Any CPU.ActiveCfg = Debug|Any CPU
		{31F66863-26A4-4626-9566-BFFFEA52C1A7}.Debug|Any CPU.Build.0 = Debug|Any CPU
		{31F66863-26A4-4626-9566-BFFFEA52C1A7}.Release|Any CPU.ActiveCfg = Release|Any CPU
		{31F66863-26A4-4626-9566-BFFFEA52C1A7}.Release|Any CPU.Build.0 = Release|Any CPU
	EndGlobalSection
	GlobalSection(SolutionProperties) = preSolution
		HideSolutionNode = FALSE
	EndGlobalSection
	GlobalSection(ExtensibilityGlobals) = postSolution
		SolutionGuid = {5D0D7B06-66AF-440A-890F-5CC5B5FABD42}
	EndGlobalSection
EndGlobal
